
Microsoft Visual Studio Solution File, Format Version 12.00
# Visual Studio 2012
Project("{8BC9CEB8-8B4A-11D0-8D11-00A0C91BC942}") = "pvs", "pvs\pvs.vcxproj", "{73ACA2B3-84E1-49D8-B68C-3109621257CE}"
	ProjectSection(ProjectDependencies) = postProject
		{7621B2F9-7073-4DD0-B168-0C3C7D390465} = {7621B2F9-7073-4DD0-B168-0C3C7D390465}
	EndProjectSection
EndProject
Project("{8BC9CEB8-8B4A-11D0-8D11-00A0C91BC942}") = "libutils", "libutils\libutils.vcxproj", "{7621B2F9-7073-4DD0-B168-0C3C7D390465}"
EndProject
Project("{2150E333-8FDC-42A3-9474-1A3956D46DE8}") = "component", "component", "{896DF6DE-74D1-4E0D-B01C-1537E4D5056A}"
EndProject
Project("{2150E333-8FDC-42A3-9474-1A3956D46DE8}") = "app", "app", "{88AB7665-D74D-4382-AD9F-315EE0C70076}"
EndProject
Project("{8BC9CEB8-8B4A-11D0-8D11-00A0C91BC942}") = "MotionDetect", "MotionDetect\MotionDetect.vcxproj", "{352EACAF-EC5D-449E-9A85-EA9AB006DA6D}"
EndProject
Project("{2150E333-8FDC-42A3-9474-1A3956D46DE8}") = "MotionDetect", "MotionDetect", "{C186EC2A-FB96-41E9-A135-E68B4BEC0236}"
EndProject
Project("{8BC9CEB8-8B4A-11D0-8D11-00A0C91BC942}") = "fvs", "fvs\fvs.vcxproj", "{F7638A5A-DC12-4907-90BA-D22E60856A7D}"
EndProject
Project("{8BC9CEB8-8B4A-11D0-8D11-00A0C91BC942}") = "libmedia", "libmedia\libmedia.vcxproj", "{448968FF-DB45-48CE-98B4-D545473C1DED}"
	ProjectSection(ProjectDependencies) = postProject
		{F7638A5A-DC12-4907-90BA-D22E60856A7D} = {F7638A5A-DC12-4907-90BA-D22E60856A7D}
		{73ACA2B3-84E1-49D8-B68C-3109621257CE} = {73ACA2B3-84E1-49D8-B68C-3109621257CE}
	EndProjectSection
EndProject
Project("{2150E333-8FDC-42A3-9474-1A3956D46DE8}") = "media", "media", "{13EF364E-4B88-481C-A6DF-E55C5C9699AB}"
EndProject
Project("{8BC9CEB8-8B4A-11D0-8D11-00A0C91BC942}") = "libscene", "libscene\libscene.vcxproj", "{AE16D474-E43F-4066-AF46-1AA8E83887E3}"
	ProjectSection(ProjectDependencies) = postProject
		{7621B2F9-7073-4DD0-B168-0C3C7D390465} = {7621B2F9-7073-4DD0-B168-0C3C7D390465}
	EndProjectSection
EndProject
Global
	GlobalSection(SolutionConfigurationPlatforms) = preSolution
		Debug|Win32 = Debug|Win32
		Release|Win32 = Release|Win32
	EndGlobalSection
	GlobalSection(ProjectConfigurationPlatforms) = postSolution
		{73ACA2B3-84E1-49D8-B68C-3109621257CE}.Debug|Win32.ActiveCfg = Debug|Win32
		{73ACA2B3-84E1-49D8-B68C-3109621257CE}.Debug|Win32.Build.0 = Debug|Win32
		{73ACA2B3-84E1-49D8-B68C-3109621257CE}.Release|Win32.ActiveCfg = Release|Win32
		{73ACA2B3-84E1-49D8-B68C-3109621257CE}.Release|Win32.Build.0 = Release|Win32
		{7621B2F9-7073-4DD0-B168-0C3C7D390465}.Debug|Win32.ActiveCfg = Debug|Win32
		{7621B2F9-7073-4DD0-B168-0C3C7D390465}.Debug|Win32.Build.0 = Debug|Win32
		{7621B2F9-7073-4DD0-B168-0C3C7D390465}.Release|Win32.ActiveCfg = Release|Win32
		{7621B2F9-7073-4DD0-B168-0C3C7D390465}.Release|Win32.Build.0 = Release|Win32
		{352EACAF-EC5D-449E-9A85-EA9AB006DA6D}.Debug|Win32.ActiveCfg = Debug|Win32
		{352EACAF-EC5D-449E-9A85-EA9AB006DA6D}.Debug|Win32.Build.0 = Debug|Win32
		{352EACAF-EC5D-449E-9A85-EA9AB006DA6D}.Release|Win32.ActiveCfg = Release|Win32
		{352EACAF-EC5D-449E-9A85-EA9AB006DA6D}.Release|Win32.Build.0 = Release|Win32
		{F7638A5A-DC12-4907-90BA-D22E60856A7D}.Debug|Win32.ActiveCfg = Debug|Win32
		{F7638A5A-DC12-4907-90BA-D22E60856A7D}.Debug|Win32.Build.0 = Debug|Win32
		{F7638A5A-DC12-4907-90BA-D22E60856A7D}.Release|Win32.ActiveCfg = Release|Win32
		{F7638A5A-DC12-4907-90BA-D22E60856A7D}.Release|Win32.Build.0 = Release|Win32
		{448968FF-DB45-48CE-98B4-D545473C1DED}.Debug|Win32.ActiveCfg = Debug|Win32
		{448968FF-DB45-48CE-98B4-D545473C1DED}.Debug|Win32.Build.0 = Debug|Win32
		{448968FF-DB45-48CE-98B4-D545473C1DED}.Release|Win32.ActiveCfg = Release|Win32
		{448968FF-DB45-48CE-98B4-D545473C1DED}.Release|Win32.Build.0 = Release|Win32
		{AE16D474-E43F-4066-AF46-1AA8E83887E3}.Debug|Win32.ActiveCfg = Debug|Win32
		{AE16D474-E43F-4066-AF46-1AA8E83887E3}.Debug|Win32.Build.0 = Debug|Win32
		{AE16D474-E43F-4066-AF46-1AA8E83887E3}.Release|Win32.ActiveCfg = Release|Win32
		{AE16D474-E43F-4066-AF46-1AA8E83887E3}.Release|Win32.Build.0 = Release|Win32
	EndGlobalSection
	GlobalSection(SolutionProperties) = preSolution
		HideSolutionNode = FALSE
	EndGlobalSection
	GlobalSection(NestedProjects) = preSolution
		{7621B2F9-7073-4DD0-B168-0C3C7D390465} = {896DF6DE-74D1-4E0D-B01C-1537E4D5056A}
		{448968FF-DB45-48CE-98B4-D545473C1DED} = {896DF6DE-74D1-4E0D-B01C-1537E4D5056A}
		{13EF364E-4B88-481C-A6DF-E55C5C9699AB} = {896DF6DE-74D1-4E0D-B01C-1537E4D5056A}
		{C186EC2A-FB96-41E9-A135-E68B4BEC0236} = {88AB7665-D74D-4382-AD9F-315EE0C70076}
		{352EACAF-EC5D-449E-9A85-EA9AB006DA6D} = {C186EC2A-FB96-41E9-A135-E68B4BEC0236}
		{F7638A5A-DC12-4907-90BA-D22E60856A7D} = {13EF364E-4B88-481C-A6DF-E55C5C9699AB}
		{73ACA2B3-84E1-49D8-B68C-3109621257CE} = {13EF364E-4B88-481C-A6DF-E55C5C9699AB}
	EndGlobalSection
EndGlobal
